
Microsoft Visual Studio Solution File, Format Version 12.00
# Visual Studio Version 16
VisualStudioVersion = 16.0.30114.105
MinimumVisualStudioVersion = 10.0.40219.1
Project("{2150E333-8FDC-42A3-9474-1A3956D46DE8}") = "src", "src", "{FD8A42EA-6F0C-4B3F-8717-ACA63354499B}"
EndProject
Project("{FAE04EC0-301F-11D3-BF4B-00C04F79EFBC}") = "Employees.Api", "src\Employees.Api\Employees.Api.csproj", "{8004142B-8227-4435-8019-A66F9DD66914}"
EndProject
Project("{FAE04EC0-301F-11D3-BF4B-00C04F79EFBC}") = "Employees.Logic", "src\Employees.Logic\Employees.Logic.csproj", "{ABF750BA-5417-4FB8-8C5D-F578952FB610}"
EndProject
Global
	GlobalSection(SolutionConfigurationPlatforms) = preSolution
		Debug|Any CPU = Debug|Any CPU
		Release|Any CPU = Release|Any CPU
	EndGlobalSection
	GlobalSection(SolutionProperties) = preSolution
		HideSolutionNode = FALSE
	EndGlobalSection
	GlobalSection(ProjectConfigurationPlatforms) = postSolution
		{8004142B-8227-4435-8019-A66F9DD66914}.Debug|Any CPU.ActiveCfg = Debug|Any CPU
		{8004142B-8227-4435-8019-A66F9DD66914}.Debug|Any CPU.Build.0 = Debug|Any CPU
		{8004142B-8227-4435-8019-A66F9DD66914}.Release|Any CPU.ActiveCfg = Release|Any CPU
		{8004142B-8227-4435-8019-A66F9DD66914}.Release|Any CPU.Build.0 = Release|Any CPU
		{ABF750BA-5417-4FB8-8C5D-F578952FB610}.Debug|Any CPU.ActiveCfg = Debug|Any CPU
		{ABF750BA-5417-4FB8-8C5D-F578952FB610}.Debug|Any CPU.Build.0 = Debug|Any CPU
		{ABF750BA-5417-4FB8-8C5D-F578952FB610}.Release|Any CPU.ActiveCfg = Release|Any CPU
		{ABF750BA-5417-4FB8-8C5D-F578952FB610}.Release|Any CPU.Build.0 = Release|Any CPU
	EndGlobalSection
	GlobalSection(NestedProjects) = preSolution
		{8004142B-8227-4435-8019-A66F9DD66914} = {FD8A42EA-6F0C-4B3F-8717-ACA63354499B}
		{ABF750BA-5417-4FB8-8C5D-F578952FB610} = {FD8A42EA-6F0C-4B3F-8717-ACA63354499B}
	EndGlobalSection
EndGlobal
